
Microsoft Visual Studio Solution File, Format Version 12.00
# Visual Studio 14
VisualStudioVersion = 14.0.25420.1
MinimumVisualStudioVersion = 10.0.40219.1
Project("{8BB2217D-0F2D-49D1-97BC-3654ED321F3B}") = "SHOPPING.Core", "SHOPPING.Core\SHOPPING.Core.xproj", "{A82FFD40-0F19-40BB-843F-DD2F4C7BE05C}"
EndProject
Project("{8BB2217D-0F2D-49D1-97BC-3654ED321F3B}") = "SHOPPING.Entities", "SHOPPING.Entities\SHOPPING.Entities.xproj", "{B57DE383-E8B8-4003-8C24-8BF225227FA1}"
EndProject
Project("{8BB2217D-0F2D-49D1-97BC-3654ED321F3B}") = "SHOPPING.Bussiness", "SHOPPING.Bussiness\SHOPPING.Bussiness.xproj", "{34A6650C-1C8D-424C-9EBD-C8A150F04982}"
EndProject
Project("{8BB2217D-0F2D-49D1-97BC-3654ED321F3B}") = "SHOPPING.DataAccess", "SHOPPING.DataAccess\SHOPPING.DataAccess.xproj", "{9DB5EEF7-F0BD-4D8C-AE4C-815447C11A88}"
EndProject
Project("{8BB2217D-0F2D-49D1-97BC-3654ED321F3B}") = "SHOPPING.MvcCoreUI", "SHOPPING.MvcCoreUI\SHOPPING.MvcCoreUI.xproj", "{DF5BB218-7A37-4C0A-94FF-0E60515B9222}"
EndProject
Global
	GlobalSection(SolutionConfigurationPlatforms) = preSolution
		Debug|Any CPU = Debug|Any CPU
		Release|Any CPU = Release|Any CPU
	EndGlobalSection
	GlobalSection(ProjectConfigurationPlatforms) = postSolution
		{A82FFD40-0F19-40BB-843F-DD2F4C7BE05C}.Debug|Any CPU.ActiveCfg = Debug|Any CPU
		{A82FFD40-0F19-40BB-843F-DD2F4C7BE05C}.Debug|Any CPU.Build.0 = Debug|Any CPU
		{A82FFD40-0F19-40BB-843F-DD2F4C7BE05C}.Release|Any CPU.ActiveCfg = Release|Any CPU
		{A82FFD40-0F19-40BB-843F-DD2F4C7BE05C}.Release|Any CPU.Build.0 = Release|Any CPU
		{B57DE383-E8B8-4003-8C24-8BF225227FA1}.Debug|Any CPU.ActiveCfg = Debug|Any CPU
		{B57DE383-E8B8-4003-8C24-8BF225227FA1}.Debug|Any CPU.Build.0 = Debug|Any CPU
		{B57DE383-E8B8-4003-8C24-8BF225227FA1}.Release|Any CPU.ActiveCfg = Release|Any CPU
		{B57DE383-E8B8-4003-8C24-8BF225227FA1}.Release|Any CPU.Build.0 = Release|Any CPU
		{34A6650C-1C8D-424C-9EBD-C8A150F04982}.Debug|Any CPU.ActiveCfg = Debug|Any CPU
		{34A6650C-1C8D-424C-9EBD-C8A150F04982}.Debug|Any CPU.Build.0 = Debug|Any CPU
		{34A6650C-1C8D-424C-9EBD-C8A150F04982}.Release|Any CPU.ActiveCfg = Release|Any CPU
		{34A6650C-1C8D-424C-9EBD-C8A150F04982}.Release|Any CPU.Build.0 = Release|Any CPU
		{9DB5EEF7-F0BD-4D8C-AE4C-815447C11A88}.Debug|Any CPU.ActiveCfg = Debug|Any CPU
		{9DB5EEF7-F0BD-4D8C-AE4C-815447C11A88}.Debug|Any CPU.Build.0 = Debug|Any CPU
		{9DB5EEF7-F0BD-4D8C-AE4C-815447C11A88}.Release|Any CPU.ActiveCfg = Release|Any CPU
		{9DB5EEF7-F0BD-4D8C-AE4C-815447C11A88}.Release|Any CPU.Build.0 = Release|Any CPU
		{DF5BB218-7A37-4C0A-94FF-0E60515B9222}.Debug|Any CPU.ActiveCfg = Debug|Any CPU
		{DF5BB218-7A37-4C0A-94FF-0E60515B9222}.Debug|Any CPU.Build.0 = Debug|Any CPU
		{DF5BB218-7A37-4C0A-94FF-0E60515B9222}.Release|Any CPU.ActiveCfg = Release|Any CPU
		{DF5BB218-7A37-4C0A-94FF-0E60515B9222}.Release|Any CPU.Build.0 = Release|Any CPU
	EndGlobalSection
	GlobalSection(SolutionProperties) = preSolution
		HideSolutionNode = FALSE
	EndGlobalSection
EndGlobal
